{
  "name": "merania-janos-bot",
  "version": "1.0.0",
  "lockfileVersion": 1,
  "requires": true,
  "dependencies": {
    "twitter-api-v2": {
      "version": "1.11.3",
      "resolved": "https://registry.npmjs.org/twitter-api-v2/-/twitter-api-v2-1.11.3.tgz",
      "integrity": "sha512-dnr6wEsutQ8Y0IPcLupDChmWdJtZi5ZYj9pvujPpYPVGGeqhPXmMOd4U1omOFSFP6zUGYb3jQ/4ZImHxN5IOrg=="
    }
  }
}
